
Microsoft Visual Studio Solution File, Format Version 12.00
# Visual Studio 15
VisualStudioVersion = 15.0.27428.2005
MinimumVisualStudioVersion = 10.0.40219.1
Project("{FAE04EC0-301F-11D3-BF4B-00C04F79EFBC}") = "RPSLS", "RPSLS\RPSLS.csproj", "{0FF8D7A1-4982-47F4-820F-9523B48766C5}"
EndProject
Global
	GlobalSection(SolutionConfigurationPlatforms) = preSolution
		Debug|Any CPU = Debug|Any CPU
		Release|Any CPU = Release|Any CPU
	EndGlobalSection
	GlobalSection(ProjectConfigurationPlatforms) = postSolution
		{0FF8D7A1-4982-47F4-820F-9523B48766C5}.Debug|Any CPU.ActiveCfg = Debug|Any CPU
		{0FF8D7A1-4982-47F4-820F-9523B48766C5}.Debug|Any CPU.Build.0 = Debug|Any CPU
		{0FF8D7A1-4982-47F4-820F-9523B48766C5}.Release|Any CPU.ActiveCfg = Release|Any CPU
		{0FF8D7A1-4982-47F4-820F-9523B48766C5}.Release|Any CPU.Build.0 = Release|Any CPU
	EndGlobalSection
	GlobalSection(SolutionProperties) = preSolution
		HideSolutionNode = FALSE
	EndGlobalSection
	GlobalSection(ExtensibilityGlobals) = postSolution
		SolutionGuid = {68A8A72E-725E-4B30-B022-CD298E4FAF55}
	EndGlobalSection
EndGlobal
